
Microsoft Visual Studio Solution File, Format Version 12.00
# Visual Studio 2012
Project("{FAE04EC0-301F-11D3-BF4B-00C04F79EFBC}") = "BandFanClub", "BandFanClub\BandFanClub.csproj", "{C5014653-D5C9-4D52-9FE5-B8BF3707C77A}"
EndProject
Global
	GlobalSection(SolutionConfigurationPlatforms) = preSolution
		Debug|Any CPU = Debug|Any CPU
		Release|Any CPU = Release|Any CPU
	EndGlobalSection
	GlobalSection(ProjectConfigurationPlatforms) = postSolution
		{C5014653-D5C9-4D52-9FE5-B8BF3707C77A}.Debug|Any CPU.ActiveCfg = Debug|Any CPU
		{C5014653-D5C9-4D52-9FE5-B8BF3707C77A}.Debug|Any CPU.Build.0 = Debug|Any CPU
		{C5014653-D5C9-4D52-9FE5-B8BF3707C77A}.Release|Any CPU.ActiveCfg = Release|Any CPU
		{C5014653-D5C9-4D52-9FE5-B8BF3707C77A}.Release|Any CPU.Build.0 = Release|Any CPU
	EndGlobalSection
EndGlobal
